<Solution>
  <Folder Name="/src/" />
  <Folder Name="/src/Modules/" />
  <Folder Name="/src/Modules/Courses/">
    <Project Path="Courses.Application/Courses.Application.csproj" />
    <Project Path="Courses.Domain/Courses.Domain.csproj" />
    <Project Path="Courses.Infrastructure/Courses.Infrastructure.csproj" />
  </Folder>
  <Folder Name="/src/Modules/Enrollments/">
    <Project Path="Enrollment.Application/Enrollment.Application.csproj" Id="22cf12b5-42a2-4024-a0c3-e2b276544c3b" />
  </Folder>
  <Folder Name="/src/Modules/Identity/">
    <Project Path="Identity.Application/Identity.Application.csproj" Id="d637935e-8b9b-49f8-b29b-02136c99df8c" />
  </Folder>
  <Folder Name="/src/Modules/Payments/">
    <Project Path="Payment.Application/Payment.Application.csproj" />
    <Project Path="Payment.Infrastructure/Payment.Infrastructure.csproj" />
  </Folder>
  <Folder Name="/src/Shared/">
    <Project Path="StepLearning.Shared/StepLearning.Shared.csproj" Id="f6126f0c-0a4c-4851-9a18-a675d0663f17" />
  </Folder>
  <Folder Name="/src/Host/">
    <Project Path="Host.Api/Host.Api.csproj" />
  </Folder>
</Solution>
