<Solution>
  <Folder Name="/src/" />
  <Folder Name="/src/Modules/" />
  <Folder Name="/src/Modules/Courses/">
    <Project Path="Courses.Application/Courses.Application.csproj" />
    <Project Path="Courses.Domain/Courses.Domain.csproj" />
    <Project Path="Courses.Infrastructure/Courses.Infrastructure.csproj" />
  </Folder>
  <Folder Name="/src/Modules/Enrollments/" />
  <Folder Name="/src/Modules/Identity/" />
  <Folder Name="/src/Modules/Payments/" />
  <Folder Name="/src/Shared/" />
</Solution>
